
Microsoft Visual Studio Solution File, Format Version 12.00
# Visual Studio 14
VisualStudioVersion = 14.0.23107.0
MinimumVisualStudioVersion = 10.0.40219.1
Project("{FAE04EC0-301F-11D3-BF4B-00C04F79EFBC}") = "BluffinMuffin.Logger.DBAccess", "BluffinMuffin.Logger.DBAccess\BluffinMuffin.Logger.DBAccess.csproj", "{124B3C37-BA72-4648-AE52-5B9DA5F3A241}"
EndProject
Project("{2150E333-8FDC-42A3-9474-1A3956D46DE8}") = "Sql", "Sql", "{6D9978FD-7592-4479-8596-3B61E8218F39}"
	ProjectSection(SolutionItems) = preProject
		..\Sql\create_db.sql = ..\Sql\create_db.sql
		..\Sql\dbBluffin.txt = ..\Sql\dbBluffin.txt
		..\Sql\insert_control.sql = ..\Sql\insert_control.sql
		..\Sql\Schema.png = ..\Sql\Schema.png
		..\Sql\schema_entities.png = ..\Sql\schema_entities.png
	EndProjectSection
EndProject
Project("{FAE04EC0-301F-11D3-BF4B-00C04F79EFBC}") = "BluffinMuffin.Logger.DBAccess.Demo", "BluffinMuffin.Logger.DBAccess.Demo\BluffinMuffin.Logger.DBAccess.Demo.csproj", "{2B990BBA-CB11-4D36-96A4-107908A944B0}"
EndProject
Project("{FAE04EC0-301F-11D3-BF4B-00C04F79EFBC}") = "BluffinMuffin.Logger.Monitor", "BluffinMuffin.Logger.Monitor\BluffinMuffin.Logger.Monitor.csproj", "{4E40BD18-768A-47A9-AB71-273EF32D9309}"
EndProject
Project("{FAE04EC0-301F-11D3-BF4B-00C04F79EFBC}") = "BluffinMuffin.Logger.Monitor.DataTypes", "BluffinMuffin.Logger.Monitor.DataTypes\BluffinMuffin.Logger.Monitor.DataTypes.csproj", "{870B7F35-F2E3-4044-B203-C2E00A47C3CF}"
EndProject
Project("{2150E333-8FDC-42A3-9474-1A3956D46DE8}") = "Documentation", "Documentation", "{6852D8BE-FC49-47F4-A9EF-3BC11FA033CB}"
	ProjectSection(SolutionItems) = preProject
		..\README.md = ..\README.md
	EndProjectSection
EndProject
Global
	GlobalSection(SolutionConfigurationPlatforms) = preSolution
		Debug|Any CPU = Debug|Any CPU
		Release|Any CPU = Release|Any CPU
	EndGlobalSection
	GlobalSection(ProjectConfigurationPlatforms) = postSolution
		{124B3C37-BA72-4648-AE52-5B9DA5F3A241}.Debug|Any CPU.ActiveCfg = Debug|Any CPU
		{124B3C37-BA72-4648-AE52-5B9DA5F3A241}.Debug|Any CPU.Build.0 = Debug|Any CPU
		{124B3C37-BA72-4648-AE52-5B9DA5F3A241}.Release|Any CPU.ActiveCfg = Release|Any CPU
		{124B3C37-BA72-4648-AE52-5B9DA5F3A241}.Release|Any CPU.Build.0 = Release|Any CPU
		{2B990BBA-CB11-4D36-96A4-107908A944B0}.Debug|Any CPU.ActiveCfg = Debug|Any CPU
		{2B990BBA-CB11-4D36-96A4-107908A944B0}.Debug|Any CPU.Build.0 = Debug|Any CPU
		{2B990BBA-CB11-4D36-96A4-107908A944B0}.Release|Any CPU.ActiveCfg = Release|Any CPU
		{2B990BBA-CB11-4D36-96A4-107908A944B0}.Release|Any CPU.Build.0 = Release|Any CPU
		{4E40BD18-768A-47A9-AB71-273EF32D9309}.Debug|Any CPU.ActiveCfg = Debug|Any CPU
		{4E40BD18-768A-47A9-AB71-273EF32D9309}.Debug|Any CPU.Build.0 = Debug|Any CPU
		{4E40BD18-768A-47A9-AB71-273EF32D9309}.Release|Any CPU.ActiveCfg = Release|Any CPU
		{4E40BD18-768A-47A9-AB71-273EF32D9309}.Release|Any CPU.Build.0 = Release|Any CPU
		{870B7F35-F2E3-4044-B203-C2E00A47C3CF}.Debug|Any CPU.ActiveCfg = Debug|Any CPU
		{870B7F35-F2E3-4044-B203-C2E00A47C3CF}.Debug|Any CPU.Build.0 = Debug|Any CPU
		{870B7F35-F2E3-4044-B203-C2E00A47C3CF}.Release|Any CPU.ActiveCfg = Release|Any CPU
		{870B7F35-F2E3-4044-B203-C2E00A47C3CF}.Release|Any CPU.Build.0 = Release|Any CPU
	EndGlobalSection
	GlobalSection(SolutionProperties) = preSolution
		HideSolutionNode = FALSE
	EndGlobalSection
EndGlobal
